<?xml version="1.0" encoding="utf-8"?>
<Project ToolsVersion="4.0" xmlns="http://schemas.microsoft.com/developer/msbuild/2003">
  <ItemGroup>
    <Filter Include="Source Files">
      <UniqueIdentifier>{4FC737F1-C7A5-4376-A066-2A32D752A2FF}</UniqueIdentifier>
      <Extensions>cpp;cxx;c;def</Extensions>
    </Filter>
    <Filter Include="Header Files">
      <UniqueIdentifier>{93995380-89BD-4b04-88EB-625FBE52EBFB}</UniqueIdentifier>
      <Extensions>h</Extensions>
    </Filter>
    <Filter Include="Form Files">
      <UniqueIdentifier>{99349809-55BA-4b9d-BF79-8FDBB0286EB3}</UniqueIdentifier>
      <Extensions>ui</Extensions>
    </Filter>
    <Filter Include="Resource Files">
      <UniqueIdentifier>{D9D6E242-F8AF-46E4-B9FD-80ECBC20BA3E}</UniqueIdentifier>
      <Extensions>qrc;*</Extensions>
      <ParseFiles>false</ParseFiles>
    </Filter>
    <Filter Include="Generated Files">
      <UniqueIdentifier>{71ED8ED8-ACB9-4CE9-BBE1-E00B30144E11}</UniqueIdentifier>
      <Extensions>moc;h;cpp</Extensions>
      <SourceControlFiles>False</SourceControlFiles>
    </Filter>
    <Filter Include="Generated Files\Debug">
      <UniqueIdentifier>{5d831f89-e7b1-493d-a4fa-e82ba2bd184c}</UniqueIdentifier>
      <Extensions>cpp;moc</Extensions>
      <SourceControlFiles>False</SourceControlFiles>
    </Filter>
    <Filter Include="Generated Files\Release">
      <UniqueIdentifier>{d03ee956-3817-4fe0-ada0-3e77a782a497}</UniqueIdentifier>
      <Extensions>cpp;moc</Extensions>
      <SourceControlFiles>False</SourceControlFiles>
    </Filter>
    <Filter Include="Source Files\Wrapper">
      <UniqueIdentifier>{33d401e3-9d3f-46f1-929a-7cfaedf5b2dc}</UniqueIdentifier>
    </Filter>
    <Filter Include="Header Files\Wrapper">
      <UniqueIdentifier>{ac775ef4-ea1e-4626-b631-0c57b9e3979b}</UniqueIdentifier>
    </Filter>
    <Filter Include="Header Files\UI">
      <UniqueIdentifier>{25a2a54a-ed0b-4c5b-b9d7-246e181b8dc0}</UniqueIdentifier>
    </Filter>
    <Filter Include="Source Files\UI">
      <UniqueIdentifier>{aabb8895-725f-4a6f-b3db-eb5745be82b7}</UniqueIdentifier>
    </Filter>
    <Filter Include="Header Files\Settings">
      <UniqueIdentifier>{a968a255-871b-494e-a26a-b6b8916dbffd}</UniqueIdentifier>
    </Filter>
    <Filter Include="Source Files\Settings">
      <UniqueIdentifier>{7d08688b-4db3-4aa1-8827-a4284bba4106}</UniqueIdentifier>
    </Filter>
    <Filter Include="Header Files\UI\UiSettings">
      <UniqueIdentifier>{f30a7949-0ade-4a47-8298-6311c3dd1e03}</UniqueIdentifier>
    </Filter>
    <Filter Include="Source Files\UI\UiSettings">
      <UniqueIdentifier>{4ff6d368-a699-4d42-9eb7-3894fcbee646}</UniqueIdentifier>
    </Filter>
  </ItemGroup>
  <ItemGroup>
    <ClCompile Include="main.cpp">
      <Filter>Source Files</Filter>
    </ClCompile>
    <ClCompile Include="Profile.cpp">
      <Filter>Source Files\Settings</Filter>
    </ClCompile>
    <ClCompile Include="Window.cpp">
      <Filter>Source Files\Settings</Filter>
    </ClCompile>
    <ClCompile Include="WindowHandling.cpp">
      <Filter>Source Files\Wrapper</Filter>
    </ClCompile>
    <ClCompile Include="log.cpp">
      <Filter>Source Files</Filter>
    </ClCompile>
    <ClCompile Include="fullscreenwindow.cpp">
      <Filter>Source Files\UI</Filter>
    </ClCompile>
    <ClCompile Include="Preview.cpp">
      <Filter>Source Files\UI</Filter>
    </ClCompile>
    <ClCompile Include="Monitor.cpp">
      <Filter>Source Files\Settings</Filter>
    </ClCompile>
    <ClCompile Include="MonitorHandling.cpp">
      <Filter>Source Files\Wrapper</Filter>
    </ClCompile>
    <ClCompile Include="stdafx.cpp">
      <Filter>Source Files</Filter>
    </ClCompile>
    <ClCompile Include="MonitorList.cpp">
      <Filter>Source Files\Settings</Filter>
    </ClCompile>
    <ClCompile Include="Engine.cpp">
      <Filter>Source Files</Filter>
    </ClCompile>
    <ClCompile Include="Parameters.cpp">
      <Filter>Source Files\UI\UiSettings</Filter>
    </ClCompile>
    <ClCompile Include="Settings.cpp">
      <Filter>Source Files\UI\UiSettings</Filter>
    </ClCompile>
    <ClCompile Include="WindowSelection.cpp">
      <Filter>Source Files\UI\UiSettings</Filter>
    </ClCompile>
    <ClCompile Include="GeneratedFiles\Debug\moc_fullscreenwindow.cpp">
      <Filter>Generated Files\Debug</Filter>
    </ClCompile>
    <ClCompile Include="GeneratedFiles\Release\moc_fullscreenwindow.cpp">
      <Filter>Generated Files\Release</Filter>
    </ClCompile>
    <ClCompile Include="GeneratedFiles\qrc_fullscreenwindow.cpp">
      <Filter>Generated Files</Filter>
    </ClCompile>
    <ClCompile Include="WindowsEvent.cpp">
      <Filter>Source Files\Wrapper</Filter>
    </ClCompile>
  </ItemGroup>
  <ItemGroup>
    <CustomBuild Include="fullscreenwindow.ui">
      <Filter>Form Files</Filter>
    </CustomBuild>
    <CustomBuild Include="fullscreenwindow.qrc">
      <Filter>Resource Files</Filter>
    </CustomBuild>
    <CustomBuild Include="fullscreenwindow.h">
      <Filter>Header Files\UI</Filter>
    </CustomBuild>
  </ItemGroup>
  <ItemGroup>
    <ClInclude Include="Profile.h">
      <Filter>Header Files\Settings</Filter>
    </ClInclude>
    <ClInclude Include="Window.h">
      <Filter>Header Files\Settings</Filter>
    </ClInclude>
    <ClInclude Include="WindowHandling.h">
      <Filter>Header Files\Wrapper</Filter>
    </ClInclude>
    <ClInclude Include="Preview.h">
      <Filter>Header Files\UI</Filter>
    </ClInclude>
    <ClInclude Include="Monitor.h">
      <Filter>Header Files\Settings</Filter>
    </ClInclude>
    <ClInclude Include="MonitorHandling.h">
      <Filter>Header Files\Wrapper</Filter>
    </ClInclude>
    <ClInclude Include="log.h">
      <Filter>Header Files</Filter>
    </ClInclude>
    <ClInclude Include="stdafx.h">
      <Filter>Header Files</Filter>
    </ClInclude>
    <ClInclude Include="main.h">
      <Filter>Header Files</Filter>
    </ClInclude>
    <ClInclude Include="MonitorList.h">
      <Filter>Header Files\Settings</Filter>
    </ClInclude>
    <ClInclude Include="Engine.h">
      <Filter>Header Files</Filter>
    </ClInclude>
    <ClInclude Include="Parameters.h">
      <Filter>Header Files\UI\UiSettings</Filter>
    </ClInclude>
    <ClInclude Include="Settings.h">
      <Filter>Header Files\UI\UiSettings</Filter>
    </ClInclude>
    <ClInclude Include="WindowSelection.h">
      <Filter>Header Files\UI\UiSettings</Filter>
    </ClInclude>
    <ClInclude Include="GeneratedFiles\ui_fullscreenwindow.h">
      <Filter>Generated Files</Filter>
    </ClInclude>
    <ClInclude Include="WindowsEvent.h">
      <Filter>Header Files\Wrapper</Filter>
    </ClInclude>
  </ItemGroup>
  <ItemGroup>
    <Text Include="debug.log">
      <Filter>Source Files</Filter>
    </Text>
  </ItemGroup>
</Project>